{
  "name": "web_to_lambda",
  "version": "1.0.5",
  "lockfileVersion": 1,
  "requires": true,
  "dependencies": {
    "@vandium/event-identifier": {
      "version": "1.0.1",
      "resolved": "https://registry.npmjs.org/@vandium/event-identifier/-/event-identifier-1.0.1.tgz",
      "integrity": "sha1-tnJwu0aDiiexLIr69TLa6PrAd1g="
    },
    "aws-param-env": {
      "version": "1.1.0",
      "resolved": "https://registry.npmjs.org/aws-param-env/-/aws-param-env-1.1.0.tgz",
      "integrity": "sha1-4t2LawVfKqnQfrUX0N+wQ//5ldM=",
      "requires": {
        "aws-param-store": "1.0.1"
      }
    },
    "aws-param-store": {
      "version": "1.0.1",
      "resolved": "https://registry.npmjs.org/aws-param-store/-/aws-param-store-1.0.1.tgz",
      "integrity": "sha1-rBxJJVjqZPpuQ1b54MOAOfSKZIs="
    },
    "cookie": {
      "version": "0.3.1",
      "resolved": "https://registry.npmjs.org/cookie/-/cookie-0.3.1.tgz",
      "integrity": "sha1-5+Ch+e9DtMi6klxcWpboBtFoc7s="
    },
    "hoek": {
      "version": "4.2.0",
      "resolved": "https://registry.npmjs.org/hoek/-/hoek-4.2.0.tgz",
      "integrity": "sha512-v0XCLxICi9nPfYrS9RL8HbYnXi9obYAeLbSP00BmnZwCK9+Ih9WOjoZ8YoHCoav2csqn4FOz4Orldsy2dmDwmQ=="
    },
    "isemail": {
      "version": "3.0.0",
      "resolved": "https://registry.npmjs.org/isemail/-/isemail-3.0.0.tgz",
      "integrity": "sha512-rz0ng/c+fX+zACpLgDB8fnUQ845WSU06f4hlhk4K8TJxmR6f5hyvitu9a9JdMD7aq/P4E0XdG1uaab2OiXgHlA==",
      "requires": {
        "punycode": "2.1.0"
      }
    },
    "joi": {
      "version": "12.0.0",
      "resolved": "https://registry.npmjs.org/joi/-/joi-12.0.0.tgz",
      "integrity": "sha512-z0FNlV4NGgjQN1fdtHYXf5kmgludM65fG/JlXzU6+rwkt9U5UWuXVYnXa2FpK0u6+qBuCmrm5byPNuiiddAHvQ==",
      "requires": {
        "hoek": "4.2.0",
        "isemail": "3.0.0",
        "topo": "2.0.2"
      }
    },
    "joi-json": {
      "version": "2.0.1",
      "resolved": "https://registry.npmjs.org/joi-json/-/joi-json-2.0.1.tgz",
      "integrity": "sha1-uEnXxVZI750rjgqDE8z3KW+kLto=",
      "requires": {
        "vandium-utils": "1.2.0"
      }
    },
    "jwt-simple": {
      "version": "0.5.1",
      "resolved": "https://registry.npmjs.org/jwt-simple/-/jwt-simple-0.5.1.tgz",
      "integrity": "sha1-eeoBiRth3mto4T5nwLS1vak3spQ="
    },
    "punycode": {
      "version": "2.1.0",
      "resolved": "https://registry.npmjs.org/punycode/-/punycode-2.1.0.tgz",
      "integrity": "sha1-X4Y+3Im5bbCQdLrXlHvwkFbKTn0="
    },
    "topo": {
      "version": "2.0.2",
      "resolved": "https://registry.npmjs.org/topo/-/topo-2.0.2.tgz",
      "integrity": "sha1-zVYVdSU5BXwNwEkaYhw7xvvh0YI=",
      "requires": {
        "hoek": "4.2.0"
      }
    },
    "vandium": {
      "version": "4.6.0",
      "resolved": "https://registry.npmjs.org/vandium/-/vandium-4.6.0.tgz",
      "integrity": "sha1-kXRJ1GAyTNWom+epG9KaQ8+1jqo=",
      "requires": {
        "@vandium/event-identifier": "1.0.1",
        "aws-param-env": "1.1.0",
        "cookie": "0.3.1",
        "joi": "12.0.0",
        "joi-json": "2.0.1",
        "jwt-simple": "0.5.1",
        "vandium-utils": "1.2.0"
      }
    },
    "vandium-utils": {
      "version": "1.2.0",
      "resolved": "https://registry.npmjs.org/vandium-utils/-/vandium-utils-1.2.0.tgz",
      "integrity": "sha1-RHNd5LdkGgXeWevpRfF05YLbT1k="
    }
  }
}
